
Microsoft Visual Studio Solution File, Format Version 12.00
# Visual Studio Version 17
VisualStudioVersion = 17.0.31903.59
MinimumVisualStudioVersion = 10.0.40219.1
Project("{2150E333-8FDC-42A3-9474-1A3956D46DE8}") = "src", "src", "{DBBEF690-491A-4BC7-9DAD-E4EF392407B3}"
EndProject
Project("{FAE04EC0-301F-11D3-BF4B-00C04F79EFBC}") = "EmployeePairFinder", "src\EmployeePairFinder\EmployeePairFinder.csproj", "{71CA64CC-12D6-43C8-B756-A2D47D5A1783}"
EndProject
Global
	GlobalSection(SolutionConfigurationPlatforms) = preSolution
		Debug|Any CPU = Debug|Any CPU
		Release|Any CPU = Release|Any CPU
	EndGlobalSection
	GlobalSection(SolutionProperties) = preSolution
		HideSolutionNode = FALSE
	EndGlobalSection
	GlobalSection(ProjectConfigurationPlatforms) = postSolution
		{71CA64CC-12D6-43C8-B756-A2D47D5A1783}.Debug|Any CPU.ActiveCfg = Debug|Any CPU
		{71CA64CC-12D6-43C8-B756-A2D47D5A1783}.Debug|Any CPU.Build.0 = Debug|Any CPU
		{71CA64CC-12D6-43C8-B756-A2D47D5A1783}.Release|Any CPU.ActiveCfg = Release|Any CPU
		{71CA64CC-12D6-43C8-B756-A2D47D5A1783}.Release|Any CPU.Build.0 = Release|Any CPU
	EndGlobalSection
	GlobalSection(NestedProjects) = preSolution
		{71CA64CC-12D6-43C8-B756-A2D47D5A1783} = {DBBEF690-491A-4BC7-9DAD-E4EF392407B3}
	EndGlobalSection
EndGlobal
